<?xml version="1.0" encoding="utf-8"?>
<Project ToolsVersion="4.0" xmlns="http://schemas.microsoft.com/developer/msbuild/2003">
  <ItemGroup>
    <Filter Include="Source Files">
      <UniqueIdentifier>{4FC737F1-C7A5-4376-A066-2A32D752A2FF}</UniqueIdentifier>
      <Extensions>cpp;c;cc;cxx;def;odl;idl;hpj;bat;asm;asmx</Extensions>
    </Filter>
    <Filter Include="Header Files">
      <UniqueIdentifier>{93995380-89BD-4b04-88EB-625FBE52EBFB}</UniqueIdentifier>
      <Extensions>h;hpp;hxx;hm;inl;inc;xsd</Extensions>
    </Filter>
    <Filter Include="Resource Files">
      <UniqueIdentifier>{67DA6AB6-F800-4c08-8B7A-83BB121AAD01}</UniqueIdentifier>
      <Extensions>rc;ico;cur;bmp;dlg;rc2;rct;bin;rgs;gif;jpg;jpeg;jpe;resx;tiff;tif;png;wav;mfcribbon-ms</Extensions>
    </Filter>
    <Filter Include="Driver Files">
      <UniqueIdentifier>{8E41214B-6785-4CFE-B992-037D68949A14}</UniqueIdentifier>
      <Extensions>inf;inv;inx;mof;mc;</Extensions>
    </Filter>
    <Filter Include="Source Files\orhv">
      <UniqueIdentifier>{3ad0de61-d360-4961-a1aa-bd406a7e6bef}</UniqueIdentifier>
    </Filter>
    <Filter Include="Source Files\orhv\vmx">
      <UniqueIdentifier>{2d0360bb-e642-4bd1-95dd-16404f99f2ef}</UniqueIdentifier>
    </Filter>
    <Filter Include="Source Files\orhv\svm">
      <UniqueIdentifier>{6723265d-9455-4897-a52b-5eb0d543ea3d}</UniqueIdentifier>
    </Filter>
    <Filter Include="Source Files\orhv\vmx\mods">
      <UniqueIdentifier>{3a689118-6ec8-46bd-bbb4-d86adbcb794a}</UniqueIdentifier>
    </Filter>
  </ItemGroup>
  <ItemGroup>
    <Inf Include="LMalz_Driver.inf">
      <Filter>Driver Files</Filter>
    </Inf>
  </ItemGroup>
  <ItemGroup>
    <ClCompile Include="src\main.cpp">
      <Filter>Source Files</Filter>
    </ClCompile>
    <ClCompile Include="src\orhv\orhv.cpp">
      <Filter>Source Files\orhv</Filter>
    </ClCompile>
    <ClCompile Include="src\orhv\errput.cpp">
      <Filter>Source Files\orhv</Filter>
    </ClCompile>
    <ClCompile Include="src\memory.cpp">
      <Filter>Source Files</Filter>
    </ClCompile>
    <ClCompile Include="src\orhv\hvmem.cpp">
      <Filter>Source Files\orhv</Filter>
    </ClCompile>
    <ClCompile Include="src\orhv\idt.cpp">
      <Filter>Source Files\orhv</Filter>
    </ClCompile>
    <ClCompile Include="src\orhv\orhv_bf.cpp">
      <Filter>Source Files\orhv</Filter>
    </ClCompile>
    <ClCompile Include="src\orhv\vmx\vmx.cpp">
      <Filter>Source Files\orhv\vmx</Filter>
    </ClCompile>
    <ClCompile Include="src\orhv\svm\svm.cpp">
      <Filter>Source Files\orhv\svm</Filter>
    </ClCompile>
    <ClCompile Include="src\orhv\vmx\ept.cpp">
      <Filter>Source Files\orhv\vmx</Filter>
    </ClCompile>
    <ClCompile Include="src\orhv\gdt.cpp">
      <Filter>Source Files\orhv</Filter>
    </ClCompile>
    <ClCompile Include="src\orhv\vmx\vmx_exitHandler.cpp">
      <Filter>Source Files\orhv\vmx</Filter>
    </ClCompile>
    <ClCompile Include="src\orhv\vmx\mods\R_X_isolate.cpp">
      <Filter>Source Files\orhv\vmx\mods</Filter>
    </ClCompile>
    <ClCompile Include="src\orhv\vmx\mods\monitor.cpp">
      <Filter>Source Files\orhv\vmx\mods</Filter>
    </ClCompile>
  </ItemGroup>
  <ItemGroup>
    <ClInclude Include="src\orhv\orhv.h">
      <Filter>Source Files\orhv</Filter>
    </ClInclude>
    <ClInclude Include="src\main.h">
      <Filter>Source Files</Filter>
    </ClInclude>
    <ClInclude Include="src\orhv\vcpu.h">
      <Filter>Source Files\orhv</Filter>
    </ClInclude>
    <ClInclude Include="src\orhv\vmx\vcpu_vmx.h">
      <Filter>Source Files\orhv\vmx</Filter>
    </ClInclude>
    <ClInclude Include="src\orhv\vcpu_bf.h">
      <Filter>Source Files\orhv</Filter>
    </ClInclude>
    <ClInclude Include="src\orhv\svm\vcpu_svm.h">
      <Filter>Source Files\orhv\svm</Filter>
    </ClInclude>
    <ClInclude Include="src\orhv\orhv_bf.h">
      <Filter>Source Files\orhv</Filter>
    </ClInclude>
    <ClInclude Include="src\orhv\vmx\vmx.h">
      <Filter>Source Files\orhv\vmx</Filter>
    </ClInclude>
    <ClInclude Include="src\orhv\svm\svm.h">
      <Filter>Source Files\orhv\svm</Filter>
    </ClInclude>
    <ClInclude Include="src\orhv\vmx\ept.h">
      <Filter>Source Files\orhv\vmx</Filter>
    </ClInclude>
    <ClInclude Include="src\orhv\common.h">
      <Filter>Source Files\orhv</Filter>
    </ClInclude>
    <ClInclude Include="src\orhv\handler_class.h">
      <Filter>Source Files\orhv</Filter>
    </ClInclude>
    <ClInclude Include="src\orhv\idt.h">
      <Filter>Source Files\orhv</Filter>
    </ClInclude>
    <ClInclude Include="src\orhv\vmx\vmx_exitHandler.h">
      <Filter>Source Files\orhv\vmx</Filter>
    </ClInclude>
  </ItemGroup>
  <ItemGroup>
    <MASM Include="src\orhv\idt_.asm">
      <Filter>Source Files\orhv</Filter>
    </MASM>
    <MASM Include="src\orhv\vmx\vmxasm.asm">
      <Filter>Source Files\orhv\vmx</Filter>
    </MASM>
    <MASM Include="src\orhv\hvasm.asm">
      <Filter>Source Files\orhv</Filter>
    </MASM>
  </ItemGroup>
  <ItemGroup>
    <None Include="src\orhv\vmx\vmx.inl">
      <Filter>Source Files\orhv\vmx</Filter>
    </None>
    <None Include="src\orhv\vmx\vmx.inc">
      <Filter>Source Files\orhv\vmx</Filter>
    </None>
  </ItemGroup>
</Project>